
Microsoft Visual Studio Solution File, Format Version 12.00
Project("{FAE04EC0-301F-11D3-BF4B-00C04F79EFBC}") = "MyProducts.API", "MyProducts.API\MyProducts.API.csproj", "{FFB816AE-8A3B-4BE1-A5EA-0E551BAABF69}"
EndProject
Project("{FAE04EC0-301F-11D3-BF4B-00C04F79EFBC}") = "MyProducts.Core", "MyProducts.Core\MyProducts.Core.csproj", "{06FC9FDB-4E62-4F70-A411-A4AFE49514B5}"
EndProject
Project("{FAE04EC0-301F-11D3-BF4B-00C04F79EFBC}") = "MyProducts.Infrastructure", "MyProducts.Infrastructure\MyProducts.Infrastructure.csproj", "{6966BBCD-3649-4DA7-945B-CF1DF246D197}"
EndProject
Global
	GlobalSection(SolutionConfigurationPlatforms) = preSolution
		Debug|Any CPU = Debug|Any CPU
		Release|Any CPU = Release|Any CPU
	EndGlobalSection
	GlobalSection(ProjectConfigurationPlatforms) = postSolution
		{FFB816AE-8A3B-4BE1-A5EA-0E551BAABF69}.Debug|Any CPU.ActiveCfg = Debug|Any CPU
		{FFB816AE-8A3B-4BE1-A5EA-0E551BAABF69}.Debug|Any CPU.Build.0 = Debug|Any CPU
		{FFB816AE-8A3B-4BE1-A5EA-0E551BAABF69}.Release|Any CPU.ActiveCfg = Release|Any CPU
		{FFB816AE-8A3B-4BE1-A5EA-0E551BAABF69}.Release|Any CPU.Build.0 = Release|Any CPU
		{06FC9FDB-4E62-4F70-A411-A4AFE49514B5}.Debug|Any CPU.ActiveCfg = Debug|Any CPU
		{06FC9FDB-4E62-4F70-A411-A4AFE49514B5}.Debug|Any CPU.Build.0 = Debug|Any CPU
		{06FC9FDB-4E62-4F70-A411-A4AFE49514B5}.Release|Any CPU.ActiveCfg = Release|Any CPU
		{06FC9FDB-4E62-4F70-A411-A4AFE49514B5}.Release|Any CPU.Build.0 = Release|Any CPU
		{6966BBCD-3649-4DA7-945B-CF1DF246D197}.Debug|Any CPU.ActiveCfg = Debug|Any CPU
		{6966BBCD-3649-4DA7-945B-CF1DF246D197}.Debug|Any CPU.Build.0 = Debug|Any CPU
		{6966BBCD-3649-4DA7-945B-CF1DF246D197}.Release|Any CPU.ActiveCfg = Release|Any CPU
		{6966BBCD-3649-4DA7-945B-CF1DF246D197}.Release|Any CPU.Build.0 = Release|Any CPU
	EndGlobalSection
EndGlobal
